
Microsoft Visual Studio Solution File, Format Version 12.00
# Visual Studio Version 17
VisualStudioVersion = 17.11.35222.181
MinimumVisualStudioVersion = 10.0.40219.1
Project("{FAE04EC0-301F-11D3-BF4B-00C04F79EFBC}") = "Odev2.4", "Odev2.4\Odev2.4.csproj", "{29040C18-0D1B-4C76-A8D5-25655074088F}"
EndProject
Global
	GlobalSection(SolutionConfigurationPlatforms) = preSolution
		Debug|Any CPU = Debug|Any CPU
		Release|Any CPU = Release|Any CPU
	EndGlobalSection
	GlobalSection(ProjectConfigurationPlatforms) = postSolution
		{29040C18-0D1B-4C76-A8D5-25655074088F}.Debug|Any CPU.ActiveCfg = Debug|Any CPU
		{29040C18-0D1B-4C76-A8D5-25655074088F}.Debug|Any CPU.Build.0 = Debug|Any CPU
		{29040C18-0D1B-4C76-A8D5-25655074088F}.Release|Any CPU.ActiveCfg = Release|Any CPU
		{29040C18-0D1B-4C76-A8D5-25655074088F}.Release|Any CPU.Build.0 = Release|Any CPU
	EndGlobalSection
	GlobalSection(SolutionProperties) = preSolution
		HideSolutionNode = FALSE
	EndGlobalSection
	GlobalSection(ExtensibilityGlobals) = postSolution
		SolutionGuid = {CD6CC592-41F0-4124-806C-CF4695EAA775}
	EndGlobalSection
EndGlobal
